# This file is generated by running "yarn install" inside your project.
# Manual changes might be lost - proceed with caution!

__metadata:
  version: 8
  cacheKey: 10c0

"@formatjs/ecma402-abstract@npm:2.0.0":
  version: 2.0.0
  resolution: "@formatjs/ecma402-abstract@npm:2.0.0"
  dependencies:
    "@formatjs/intl-localematcher": "npm:0.5.4"
    tslib: "npm:^2.4.0"
  checksum: 10c0/94cba291aeadffa3ca416087c2c2352c8a741bb4dcb7f47f15c247b1f043ffcef1af5b20a1b7578fbba9e704fc5f1c079923f3537a273d50162be62f8037625c
  languageName: node
  linkType: hard

"@formatjs/fast-memoize@npm:2.2.0":
  version: 2.2.0
  resolution: "@formatjs/fast-memoize@npm:2.2.0"
  dependencies:
    tslib: "npm:^2.4.0"
  checksum: 10c0/ae88c5a93b96235aba4bd9b947d0310d2ec013687a99133413361b24122b5cdea8c9bf2e04a4a2a8b61f1f4ee5419ef6416ca4796554226b5050e05a9ce6ef49
  languageName: node
  linkType: hard

"@formatjs/icu-messageformat-parser@npm:2.7.8":
  version: 2.7.8
  resolution: "@formatjs/icu-messageformat-parser@npm:2.7.8"
  dependencies:
    "@formatjs/ecma402-abstract": "npm:2.0.0"
    "@formatjs/icu-skeleton-parser": "npm:1.8.2"
    tslib: "npm:^2.4.0"
  checksum: 10c0/a3b759a825fb22ffd7b906f6a07b1a079bbc34f72c745de2c2514e439c4bb75bc1a9442eba1bac7ff3ea3010e12076374cd755ad12116b1d066cc90da5fbcbc9
  languageName: node
  linkType: hard

"@formatjs/icu-skeleton-parser@npm:1.8.2":
  version: 1.8.2
  resolution: "@formatjs/icu-skeleton-parser@npm:1.8.2"
  dependencies:
    "@formatjs/ecma402-abstract": "npm:2.0.0"
    tslib: "npm:^2.4.0"
  checksum: 10c0/9b15013acc47b8d560b52942e3dab2abaaa9c5a4410bbd1d490a4b22bf5ca36fdd88b71f241d05479bddf856d0d1d57b7ecc9e79738497ac518616aa6d4d0015
  languageName: node
  linkType: hard

"@formatjs/intl-displaynames@npm:6.6.8":
  version: 6.6.8
  resolution: "@formatjs/intl-displaynames@npm:6.6.8"
  dependencies:
    "@formatjs/ecma402-abstract": "npm:2.0.0"
    "@formatjs/intl-localematcher": "npm:0.5.4"
    tslib: "npm:^2.4.0"
  checksum: 10c0/1a03e7644022741c1bcf10fcd07da88c434416a13603ace693a038114010463307b4130d3a3f53ad5665bd27fca9a6b19ac8e5bf58e17598b1ea84db173fdfbb
  languageName: node
  linkType: hard

"@formatjs/intl-listformat@npm:7.5.7":
  version: 7.5.7
  resolution: "@formatjs/intl-listformat@npm:7.5.7"
  dependencies:
    "@formatjs/ecma402-abstract": "npm:2.0.0"
    "@formatjs/intl-localematcher": "npm:0.5.4"
    tslib: "npm:^2.4.0"
  checksum: 10c0/5d0478752d669d87c82aa80880df464d64a1c8974fcb6136bc854567f570a1696e5468005ffa266cfcb623adb7c7299b839c06ea33897f55d35dab6a7575cc84
  languageName: node
  linkType: hard

"@formatjs/intl-localematcher@npm:0.5.4":
  version: 0.5.4
  resolution: "@formatjs/intl-localematcher@npm:0.5.4"
  dependencies:
    tslib: "npm:^2.4.0"
  checksum: 10c0/c9ff5d34ca8b6fe59f8f303a3cc31a92d343e095a6987e273e5cc23f0fe99feb557a392a05da95931c7d24106acb6988e588d00ddd05b0934005aafd7fdbafe6
  languageName: node
  linkType: hard

"@formatjs/intl@npm:2.10.4":
  version: 2.10.4
  resolution: "@formatjs/intl@npm:2.10.4"
  dependencies:
    "@formatjs/ecma402-abstract": "npm:2.0.0"
    "@formatjs/fast-memoize": "npm:2.2.0"
    "@formatjs/icu-messageformat-parser": "npm:2.7.8"
    "@formatjs/intl-displaynames": "npm:6.6.8"
    "@formatjs/intl-listformat": "npm:7.5.7"
    intl-messageformat: "npm:10.5.14"
    tslib: "npm:^2.4.0"
  peerDependencies:
    typescript: ^4.7 || 5
  peerDependenciesMeta:
    typescript:
      optional: true
  checksum: 10c0/ca7877e962f73f1fe0e358f12d73bdc3ec4006c14ee801e06d9f7aef06bcdcc12355a8f53f32b0e890f829949ded35e825c914ca5f4709eb1e08c2a18c1368c2
  languageName: node
  linkType: hard

"@types/hoist-non-react-statics@npm:^3.3.1":
  version: 3.3.5
  resolution: "@types/hoist-non-react-statics@npm:3.3.5"
  dependencies:
    "@types/react": "npm:*"
    hoist-non-react-statics: "npm:^3.3.0"
  checksum: 10c0/2a3b64bf3d9817d7830afa60ee314493c475fb09570a64e7737084cd482d2177ebdddf888ce837350bac51741278b077683facc9541f052d4bbe8487b4e3e618
  languageName: node
  linkType: hard

"@types/prop-types@npm:*":
  version: 15.7.12
  resolution: "@types/prop-types@npm:15.7.12"
  checksum: 10c0/1babcc7db6a1177779f8fde0ccc78d64d459906e6ef69a4ed4dd6339c920c2e05b074ee5a92120fe4e9d9f1a01c952f843ebd550bee2332fc2ef81d1706878f8
  languageName: node
  linkType: hard

"@types/react@npm:*, @types/react@npm:16 || 17 || 18, @types/react@npm:^18.3.3":
  version: 18.3.3
  resolution: "@types/react@npm:18.3.3"
  dependencies:
    "@types/prop-types": "npm:*"
    csstype: "npm:^3.0.2"
  checksum: 10c0/fe455f805c5da13b89964c3d68060cebd43e73ec15001a68b34634604a78140e6fc202f3f61679b9d809dde6d7a7c2cb3ed51e0fd1462557911db09879b55114
  languageName: node
  linkType: hard

"ansi-regex@npm:^5.0.1":
  version: 5.0.1
  resolution: "ansi-regex@npm:5.0.1"
  checksum: 10c0/9a64bb8627b434ba9327b60c027742e5d17ac69277960d041898596271d992d4d52ba7267a63ca10232e29f6107fc8a835f6ce8d719b88c5f8493f8254813737
  languageName: node
  linkType: hard

"ansi-styles@npm:^4.0.0":
  version: 4.3.0
  resolution: "ansi-styles@npm:4.3.0"
  dependencies:
    color-convert: "npm:^2.0.1"
  checksum: 10c0/895a23929da416f2bd3de7e9cb4eabd340949328ab85ddd6e484a637d8f6820d485f53933446f5291c3b760cbc488beb8e88573dd0f9c7daf83dccc8fe81b041
  languageName: node
  linkType: hard

"cliui@npm:^8.0.1":
  version: 8.0.1
  resolution: "cliui@npm:8.0.1"
  dependencies:
    string-width: "npm:^4.2.0"
    strip-ansi: "npm:^6.0.1"
    wrap-ansi: "npm:^7.0.0"
  checksum: 10c0/4bda0f09c340cbb6dfdc1ed508b3ca080f12992c18d68c6be4d9cf51756033d5266e61ec57529e610dacbf4da1c634423b0c1b11037709cc6b09045cbd815df5
  languageName: node
  linkType: hard

"color-convert@npm:^2.0.1":
  version: 2.0.1
  resolution: "color-convert@npm:2.0.1"
  dependencies:
    color-name: "npm:~1.1.4"
  checksum: 10c0/37e1150172f2e311fe1b2df62c6293a342ee7380da7b9cfdba67ea539909afbd74da27033208d01d6d5cfc65ee7868a22e18d7e7648e004425441c0f8a15a7d7
  languageName: node
  linkType: hard

"color-name@npm:~1.1.4":
  version: 1.1.4
  resolution: "color-name@npm:1.1.4"
  checksum: 10c0/a1a3f914156960902f46f7f56bc62effc6c94e84b2cae157a526b1c1f74b677a47ec602bf68a61abfa2b42d15b7c5651c6dbe72a43af720bc588dff885b10f95
  languageName: node
  linkType: hard

"csstype@npm:^3.0.2":
  version: 3.1.3
  resolution: "csstype@npm:3.1.3"
  checksum: 10c0/80c089d6f7e0c5b2bd83cf0539ab41474198579584fa10d86d0cafe0642202343cbc119e076a0b1aece191989477081415d66c9fefbf3c957fc2fc4b7009f248
  languageName: node
  linkType: hard

"emoji-regex@npm:^8.0.0":
  version: 8.0.0
  resolution: "emoji-regex@npm:8.0.0"
  checksum: 10c0/b6053ad39951c4cf338f9092d7bfba448cdfd46fe6a2a034700b149ac9ffbc137e361cbd3c442297f86bed2e5f7576c1b54cc0a6bf8ef5106cc62f496af35010
  languageName: node
  linkType: hard

"escalade@npm:^3.1.1":
  version: 3.1.2
  resolution: "escalade@npm:3.1.2"
  checksum: 10c0/6b4adafecd0682f3aa1cd1106b8fff30e492c7015b178bc81b2d2f75106dabea6c6d6e8508fc491bd58e597c74abb0e8e2368f943ecb9393d4162e3c2f3cf287
  languageName: node
  linkType: hard

"get-caller-file@npm:^2.0.5":
  version: 2.0.5
  resolution: "get-caller-file@npm:2.0.5"
  checksum: 10c0/c6c7b60271931fa752aeb92f2b47e355eac1af3a2673f47c9589e8f8a41adc74d45551c1bc57b5e66a80609f10ffb72b6f575e4370d61cc3f7f3aaff01757cde
  languageName: node
  linkType: hard

"hoist-non-react-statics@npm:^3.3.0, hoist-non-react-statics@npm:^3.3.2":
  version: 3.3.2
  resolution: "hoist-non-react-statics@npm:3.3.2"
  dependencies:
    react-is: "npm:^16.7.0"
  checksum: 10c0/fe0889169e845d738b59b64badf5e55fa3cf20454f9203d1eb088df322d49d4318df774828e789898dcb280e8a5521bb59b3203385662ca5e9218a6ca5820e74
  languageName: node
  linkType: hard

"intl-messageformat@npm:10.5.14":
  version: 10.5.14
  resolution: "intl-messageformat@npm:10.5.14"
  dependencies:
    "@formatjs/ecma402-abstract": "npm:2.0.0"
    "@formatjs/fast-memoize": "npm:2.2.0"
    "@formatjs/icu-messageformat-parser": "npm:2.7.8"
    tslib: "npm:^2.4.0"
  checksum: 10c0/8ec0a60539f67039356e211bcc8d81cf1bd9d62190a72ab0e94504da92f0242fe2f94ffb512b97cc6f63782b7891874d4038536ce04631e59d762c3441c60b4b
  languageName: node
  linkType: hard

"is-fullwidth-code-point@npm:^3.0.0":
  version: 3.0.0
  resolution: "is-fullwidth-code-point@npm:3.0.0"
  checksum: 10c0/bb11d825e049f38e04c06373a8d72782eee0205bda9d908cc550ccb3c59b99d750ff9537982e01733c1c94a58e35400661f57042158ff5e8f3e90cf936daf0fc
  languageName: node
  linkType: hard

"js-tokens@npm:^3.0.0 || ^4.0.0":
  version: 4.0.0
  resolution: "js-tokens@npm:4.0.0"
  checksum: 10c0/e248708d377aa058eacf2037b07ded847790e6de892bbad3dac0abba2e759cb9f121b00099a65195616badcb6eca8d14d975cb3e89eb1cfda644756402c8aeed
  languageName: node
  linkType: hard

"loose-envify@npm:^1.1.0":
  version: 1.4.0
  resolution: "loose-envify@npm:1.4.0"
  dependencies:
    js-tokens: "npm:^3.0.0 || ^4.0.0"
  bin:
    loose-envify: cli.js
  checksum: 10c0/655d110220983c1a4b9c0c679a2e8016d4b67f6e9c7b5435ff5979ecdb20d0813f4dec0a08674fcbdd4846a3f07edbb50a36811fd37930b94aaa0d9daceb017e
  languageName: node
  linkType: hard

"po-extract-example@workspace:.":
  version: 0.0.0-use.local
  resolution: "po-extract-example@workspace:."
  dependencies:
    "@types/react": "npm:^18.3.3"
    po-extract: ../
    react: "npm:^18.3.1"
    react-intl: "npm:^6.6.8"
    typescript: "npm:^5.5.3"
  languageName: unknown
  linkType: soft

"po-extract@file:../::locator=po-extract-example%40workspace%3A.":
  version: 2.1.0
  resolution: "po-extract@file:../#../::hash=1eb89e&locator=po-extract-example%40workspace%3A."
  dependencies:
    prettier: "npm:*"
    yargs: "npm:^17"
  bin:
    po-extract: dist/index.js
  checksum: 10c0/2ac4e70aa179cd62e281426420b4283d26ab25f5b5b0a636f2195af5f10bc07290068f5fcdd4d30c1407a30d553e120699a67369249ed6d63e6b87d99b4d859c
  languageName: node
  linkType: hard

"prettier@npm:*":
  version: 3.3.2
  resolution: "prettier@npm:3.3.2"
  bin:
    prettier: bin/prettier.cjs
  checksum: 10c0/39ed27d17f0238da6dd6571d63026566bd790d3d0edac57c285fbab525982060c8f1e01955fe38134ab10f0951a6076da37f015db8173c02f14bc7f0803a384c
  languageName: node
  linkType: hard

"react-intl@npm:^6.6.8":
  version: 6.6.8
  resolution: "react-intl@npm:6.6.8"
  dependencies:
    "@formatjs/ecma402-abstract": "npm:2.0.0"
    "@formatjs/icu-messageformat-parser": "npm:2.7.8"
    "@formatjs/intl": "npm:2.10.4"
    "@formatjs/intl-displaynames": "npm:6.6.8"
    "@formatjs/intl-listformat": "npm:7.5.7"
    "@types/hoist-non-react-statics": "npm:^3.3.1"
    "@types/react": "npm:16 || 17 || 18"
    hoist-non-react-statics: "npm:^3.3.2"
    intl-messageformat: "npm:10.5.14"
    tslib: "npm:^2.4.0"
  peerDependencies:
    react: ^16.6.0 || 17 || 18
    typescript: ^4.7 || 5
  peerDependenciesMeta:
    typescript:
      optional: true
  checksum: 10c0/7673507eb73ad4edd1593da7173cec68f316cf77037e0959900babd32d5984a39ba7fa10aaa0a23bcddb7b98daf7dd007cb73ddfc39127ede87c18ec780a519c
  languageName: node
  linkType: hard

"react-is@npm:^16.7.0":
  version: 16.13.1
  resolution: "react-is@npm:16.13.1"
  checksum: 10c0/33977da7a5f1a287936a0c85639fec6ca74f4f15ef1e59a6bc20338fc73dc69555381e211f7a3529b8150a1f71e4225525b41b60b52965bda53ce7d47377ada1
  languageName: node
  linkType: hard

"react@npm:^18.3.1":
  version: 18.3.1
  resolution: "react@npm:18.3.1"
  dependencies:
    loose-envify: "npm:^1.1.0"
  checksum: 10c0/283e8c5efcf37802c9d1ce767f302dd569dd97a70d9bb8c7be79a789b9902451e0d16334b05d73299b20f048cbc3c7d288bbbde10b701fa194e2089c237dbea3
  languageName: node
  linkType: hard

"require-directory@npm:^2.1.1":
  version: 2.1.1
  resolution: "require-directory@npm:2.1.1"
  checksum: 10c0/83aa76a7bc1531f68d92c75a2ca2f54f1b01463cb566cf3fbc787d0de8be30c9dbc211d1d46be3497dac5785fe296f2dd11d531945ac29730643357978966e99
  languageName: node
  linkType: hard

"string-width@npm:^4.1.0, string-width@npm:^4.2.0, string-width@npm:^4.2.3":
  version: 4.2.3
  resolution: "string-width@npm:4.2.3"
  dependencies:
    emoji-regex: "npm:^8.0.0"
    is-fullwidth-code-point: "npm:^3.0.0"
    strip-ansi: "npm:^6.0.1"
  checksum: 10c0/1e525e92e5eae0afd7454086eed9c818ee84374bb80328fc41217ae72ff5f065ef1c9d7f72da41de40c75fa8bb3dee63d92373fd492c84260a552c636392a47b
  languageName: node
  linkType: hard

"strip-ansi@npm:^6.0.0, strip-ansi@npm:^6.0.1":
  version: 6.0.1
  resolution: "strip-ansi@npm:6.0.1"
  dependencies:
    ansi-regex: "npm:^5.0.1"
  checksum: 10c0/1ae5f212a126fe5b167707f716942490e3933085a5ff6c008ab97ab2f272c8025d3aa218b7bd6ab25729ca20cc81cddb252102f8751e13482a5199e873680952
  languageName: node
  linkType: hard

"tslib@npm:^2.4.0":
  version: 2.6.3
  resolution: "tslib@npm:2.6.3"
  checksum: 10c0/2598aef53d9dbe711af75522464b2104724d6467b26a60f2bdac8297d2b5f1f6b86a71f61717384aa8fd897240467aaa7bcc36a0700a0faf751293d1331db39a
  languageName: node
  linkType: hard

"typescript@npm:^5.5.3":
  version: 5.5.3
  resolution: "typescript@npm:5.5.3"
  bin:
    tsc: bin/tsc
    tsserver: bin/tsserver
  checksum: 10c0/f52c71ccbc7080b034b9d3b72051d563601a4815bf3e39ded188e6ce60813f75dbedf11ad15dd4d32a12996a9ed8c7155b46c93a9b9c9bad1049766fe614bbdd
  languageName: node
  linkType: hard

"typescript@patch:typescript@npm%3A^5.5.3#optional!builtin<compat/typescript>":
  version: 5.5.3
  resolution: "typescript@patch:typescript@npm%3A5.5.3#optional!builtin<compat/typescript>::version=5.5.3&hash=379a07"
  bin:
    tsc: bin/tsc
    tsserver: bin/tsserver
  checksum: 10c0/911c7811d61f57f07df79c4a35f56a0f426a65426a020e5fcd792f66559f399017205f5f10255329ab5a3d8c2d1f1d19530aeceffda70758a521fae1d469432e
  languageName: node
  linkType: hard

"wrap-ansi@npm:^7.0.0":
  version: 7.0.0
  resolution: "wrap-ansi@npm:7.0.0"
  dependencies:
    ansi-styles: "npm:^4.0.0"
    string-width: "npm:^4.1.0"
    strip-ansi: "npm:^6.0.0"
  checksum: 10c0/d15fc12c11e4cbc4044a552129ebc75ee3f57aa9c1958373a4db0292d72282f54373b536103987a4a7594db1ef6a4f10acf92978f79b98c49306a4b58c77d4da
  languageName: node
  linkType: hard

"y18n@npm:^5.0.5":
  version: 5.0.8
  resolution: "y18n@npm:5.0.8"
  checksum: 10c0/4df2842c36e468590c3691c894bc9cdbac41f520566e76e24f59401ba7d8b4811eb1e34524d57e54bc6d864bcb66baab7ffd9ca42bf1eda596618f9162b91249
  languageName: node
  linkType: hard

"yargs-parser@npm:^21.1.1":
  version: 21.1.1
  resolution: "yargs-parser@npm:21.1.1"
  checksum: 10c0/f84b5e48169479d2f402239c59f084cfd1c3acc197a05c59b98bab067452e6b3ea46d4dd8ba2985ba7b3d32a343d77df0debd6b343e5dae3da2aab2cdf5886b2
  languageName: node
  linkType: hard

"yargs@npm:^17":
  version: 17.7.2
  resolution: "yargs@npm:17.7.2"
  dependencies:
    cliui: "npm:^8.0.1"
    escalade: "npm:^3.1.1"
    get-caller-file: "npm:^2.0.5"
    require-directory: "npm:^2.1.1"
    string-width: "npm:^4.2.3"
    y18n: "npm:^5.0.5"
    yargs-parser: "npm:^21.1.1"
  checksum: 10c0/ccd7e723e61ad5965fffbb791366db689572b80cca80e0f96aad968dfff4156cd7cd1ad18607afe1046d8241e6fb2d6c08bf7fa7bfb5eaec818735d8feac8f05
  languageName: node
  linkType: hard
